
Microsoft Visual Studio Solution File, Format Version 12.00
# Visual Studio Version 17
VisualStudioVersion = 17.3.32804.467
MinimumVisualStudioVersion = 10.0.40219.1
Project("{9A19103F-16F7-4668-BE54-9A1E7A4F7556}") = "Othelloworld", "Othelloworld\Othelloworld.csproj", "{02191900-2098-439E-BF5B-D4B36308F833}"
EndProject
Project("{FAE04EC0-301F-11D3-BF4B-00C04F79EFBC}") = "OthelloworldTest", "OthelloworldTest\OthelloworldTest.csproj", "{DFF6A937-A2C4-4857-8B61-A698C7A4BF5B}"
EndProject
Global
	GlobalSection(SolutionConfigurationPlatforms) = preSolution
		Debug|Any CPU = Debug|Any CPU
		Release|Any CPU = Release|Any CPU
	EndGlobalSection
	GlobalSection(ProjectConfigurationPlatforms) = postSolution
		{02191900-2098-439E-BF5B-D4B36308F833}.Debug|Any CPU.ActiveCfg = Debug|Any CPU
		{02191900-2098-439E-BF5B-D4B36308F833}.Debug|Any CPU.Build.0 = Debug|Any CPU
		{02191900-2098-439E-BF5B-D4B36308F833}.Release|Any CPU.ActiveCfg = Release|Any CPU
		{02191900-2098-439E-BF5B-D4B36308F833}.Release|Any CPU.Build.0 = Release|Any CPU
		{DFF6A937-A2C4-4857-8B61-A698C7A4BF5B}.Debug|Any CPU.ActiveCfg = Debug|Any CPU
		{DFF6A937-A2C4-4857-8B61-A698C7A4BF5B}.Debug|Any CPU.Build.0 = Debug|Any CPU
		{DFF6A937-A2C4-4857-8B61-A698C7A4BF5B}.Release|Any CPU.ActiveCfg = Release|Any CPU
		{DFF6A937-A2C4-4857-8B61-A698C7A4BF5B}.Release|Any CPU.Build.0 = Release|Any CPU
	EndGlobalSection
	GlobalSection(SolutionProperties) = preSolution
		HideSolutionNode = FALSE
	EndGlobalSection
	GlobalSection(ExtensibilityGlobals) = postSolution
		SolutionGuid = {C63E6043-EFB6-449E-A72D-1451279843C9}
	EndGlobalSection
EndGlobal
