{
  "name": "Othelloworld",
  "lockfileVersion": 2,
  "requires": true,
  "packages": {
    "": {
      "dependencies": {
        "flag-icons": "^6.6.4"
      }
    },
    "node_modules/flag-icons": {
      "version": "6.6.4",
      "resolved": "https://registry.npmjs.org/flag-icons/-/flag-icons-6.6.4.tgz",
      "integrity": "sha512-hRRXKw3f5F2OCcDTOTXO0tc3ODqBx/ttA61V9mqy/hVbnFXzW+7tJMLQ+xd77+BXwdUzQAMLW2G4RZqqvaN3Mg=="
    }
  },
  "dependencies": {
    "flag-icons": {
      "version": "6.6.4",
      "resolved": "https://registry.npmjs.org/flag-icons/-/flag-icons-6.6.4.tgz",
      "integrity": "sha512-hRRXKw3f5F2OCcDTOTXO0tc3ODqBx/ttA61V9mqy/hVbnFXzW+7tJMLQ+xd77+BXwdUzQAMLW2G4RZqqvaN3Mg=="
    }
  }
}
